// !$*UTF8*$!
{
	archiveVersion = 1;
	classes = {
	};
	objectVersion = 50;
	objects = {

/* Begin PBXBuildFile section */
		262A693C260566B800B8E025 /* AppDelegate.swift in Sources */ = {isa = PBXBuildFile; fileRef = 262A693B260566B800B8E025 /* AppDelegate.swift */; };
		262A693E260566B800B8E025 /* SceneDelegate.swift in Sources */ = {isa = PBXBuildFile; fileRef = 262A693D260566B800B8E025 /* SceneDelegate.swift */; };
		262A6940260566B800B8E025 /* ViewController.swift in Sources */ = {isa = PBXBuildFile; fileRef = 262A693F260566B800B8E025 /* ViewController.swift */; };
		262A6943260566B800B8E025 /* Main.storyboard in Resources */ = {isa = PBXBuildFile; fileRef = 262A6941260566B800B8E025 /* Main.storyboard */; };
		262A6946260566B800B8E025 /* clipApp.xcdatamodeld in Sources */ = {isa = PBXBuildFile; fileRef = 262A6944260566B800B8E025 /* clipApp.xcdatamodeld */; };
		262A6948260566B900B8E025 /* Assets.xcassets in Resources */ = {isa = PBXBuildFile; fileRef = 262A6947260566B900B8E025 /* Assets.xcassets */; };
		262A694B260566B900B8E025 /* LaunchScreen.storyboard in Resources */ = {isa = PBXBuildFile; fileRef = 262A6949260566B900B8E025 /* LaunchScreen.storyboard */; };
		262A6956260566B900B8E025 /* clipAppTests.swift in Sources */ = {isa = PBXBuildFile; fileRef = 262A6955260566B900B8E025 /* clipAppTests.swift */; };
		262A6961260566B900B8E025 /* clipAppUITests.swift in Sources */ = {isa = PBXBuildFile; fileRef = 262A6960260566B900B8E025 /* clipAppUITests.swift */; };
/* End PBXBuildFile section */

/* Begin PBXContainerItemProxy section */
		262A6952260566B900B8E025 /* PBXContainerItemProxy */ = {
			isa = PBXContainerItemProxy;
			containerPortal = 262A6930260566B800B8E025 /* Project object */;
			proxyType = 1;
			remoteGlobalIDString = 262A6937260566B800B8E025;
			remoteInfo = clipApp;
		};
		262A695D260566B900B8E025 /* PBXContainerItemProxy */ = {
			isa = PBXContainerItemProxy;
			containerPortal = 262A6930260566B800B8E025 /* Project object */;
			proxyType = 1;
			remoteGlobalIDString = 262A6937260566B800B8E025;
			remoteInfo = clipApp;
		};
/* End PBXContainerItemProxy section */

/* Begin PBXFileReference section */
		262A6938260566B800B8E025 /* clipApp.app */ = {isa = PBXFileReference; explicitFileType = wrapper.application; includeInIndex = 0; path = clipApp.app; sourceTree = BUILT_PRODUCTS_DIR; };
		262A693B260566B800B8E025 /* AppDelegate.swift */ = {isa = PBXFileReference; lastKnownFileType = sourcecode.swift; path = AppDelegate.swift; sourceTree = "<group>"; };
		262A693D260566B800B8E025 /* SceneDelegate.swift */ = {isa = PBXFileReference; lastKnownFileType = sourcecode.swift; path = SceneDelegate.swift; sourceTree = "<group>"; };
		262A693F260566B800B8E025 /* ViewController.swift */ = {isa = PBXFileReference; lastKnownFileType = sourcecode.swift; path = ViewController.swift; sourceTree = "<group>"; };
		262A6942260566B800B8E025 /* Base */ = {isa = PBXFileReference; lastKnownFileType = file.storyboard; name = Base; path = Base.lproj/Main.storyboard; sourceTree = "<group>"; };
		262A6945260566B800B8E025 /* clipApp.xcdatamodel */ = {isa = PBXFileReference; lastKnownFileType = wrapper.xcdatamodel; path = clipApp.xcdatamodel; sourceTree = "<group>"; };
		262A6947260566B900B8E025 /* Assets.xcassets */ = {isa = PBXFileReference; lastKnownFileType = folder.assetcatalog; path = Assets.xcassets; sourceTree = "<group>"; };
		262A694A260566B900B8E025 /* Base */ = {isa = PBXFileReference; lastKnownFileType = file.storyboard; name = Base; path = Base.lproj/LaunchScreen.storyboard; sourceTree = "<group>"; };
		262A694C260566B900B8E025 /* Info.plist */ = {isa = PBXFileReference; lastKnownFileType = text.plist.xml; path = Info.plist; sourceTree = "<group>"; };
		262A6951260566B900B8E025 /* clipAppTests.xctest */ = {isa = PBXFileReference; explicitFileType = wrapper.cfbundle; includeInIndex = 0; path = clipAppTests.xctest; sourceTree = BUILT_PRODUCTS_DIR; };
		262A6955260566B900B8E025 /* clipAppTests.swift */ = {isa = PBXFileReference; lastKnownFileType = sourcecode.swift; path = clipAppTests.swift; sourceTree = "<group>"; };
		262A6957260566B900B8E025 /* Info.plist */ = {isa = PBXFileReference; lastKnownFileType = text.plist.xml; path = Info.plist; sourceTree = "<group>"; };
		262A695C260566B900B8E025 /* clipAppUITests.xctest */ = {isa = PBXFileReference; explicitFileType = wrapper.cfbundle; includeInIndex = 0; path = clipAppUITests.xctest; sourceTree = BUILT_PRODUCTS_DIR; };
		262A6960260566B900B8E025 /* clipAppUITests.swift */ = {isa = PBXFileReference; lastKnownFileType = sourcecode.swift; path = clipAppUITests.swift; sourceTree = "<group>"; };
		262A6962260566B900B8E025 /* Info.plist */ = {isa = PBXFileReference; lastKnownFileType = text.plist.xml; path = Info.plist; sourceTree = "<group>"; };
/* End PBXFileReference section */

/* Begin PBXFrameworksBuildPhase section */
		262A6935260566B800B8E025 /* Frameworks */ = {
			isa = PBXFrameworksBuildPhase;
			buildActionMask = 2147483647;
			files = (
			);
			runOnlyForDeploymentPostprocessing = 0;
		};
		262A694E260566B900B8E025 /* Frameworks */ = {
			isa = PBXFrameworksBuildPhase;
			buildActionMask = 2147483647;
			files = (
			);
			runOnlyForDeploymentPostprocessing = 0;
		};
		262A6959260566B900B8E025 /* Frameworks */ = {
			isa = PBXFrameworksBuildPhase;
			buildActionMask = 2147483647;
			files = (
			);
			runOnlyForDeploymentPostprocessing = 0;
		};
/* End PBXFrameworksBuildPhase section */

/* Begin PBXGroup section */
		262A692F260566B800B8E025 = {
			isa = PBXGroup;
			children = (
				262A693A260566B800B8E025 /* clipApp */,
				262A6954260566B900B8E025 /* clipAppTests */,
				262A695F260566B900B8E025 /* clipAppUITests */,
				262A6939260566B800B8E025 /* Products */,
			);
			sourceTree = "<group>";
		};
		262A6939260566B800B8E025 /* Products */ = {
			isa = PBXGroup;
			children = (
				262A6938260566B800B8E025 /* clipApp.app */,
				262A6951260566B900B8E025 /* clipAppTests.xctest */,
				262A695C260566B900B8E025 /* clipAppUITests.xctest */,
			);
			name = Products;
			sourceTree = "<group>";
		};
		262A693A260566B800B8E025 /* clipApp */ = {
			isa = PBXGroup;
			children = (
				262A693B260566B800B8E025 /* AppDelegate.swift */,
				262A693D260566B800B8E025 /* SceneDelegate.swift */,
				262A693F260566B800B8E025 /* ViewController.swift */,
				262A6941260566B800B8E025 /* Main.storyboard */,
				262A6947260566B900B8E025 /* Assets.xcassets */,
				262A6949260566B900B8E025 /* LaunchScreen.storyboard */,
				262A694C260566B900B8E025 /* Info.plist */,
				262A6944260566B800B8E025 /* clipApp.xcdatamodeld */,
			);
			path = clipApp;
			sourceTree = "<group>";
		};
		262A6954260566B900B8E025 /* clipAppTests */ = {
			isa = PBXGroup;
			children = (
				262A6955260566B900B8E025 /* clipAppTests.swift */,
				262A6957260566B900B8E025 /* Info.plist */,
			);
			path = clipAppTests;
			sourceTree = "<group>";
		};
		262A695F260566B900B8E025 /* clipAppUITests */ = {
			isa = PBXGroup;
			children = (
				262A6960260566B900B8E025 /* clipAppUITests.swift */,
				262A6962260566B900B8E025 /* Info.plist */,
			);
			path = clipAppUITests;
			sourceTree = "<group>";
		};
/* End PBXGroup section */

/* Begin PBXNativeTarget section */
		262A6937260566B800B8E025 /* clipApp */ = {
			isa = PBXNativeTarget;
			buildConfigurationList = 262A6965260566B900B8E025 /* Build configuration list for PBXNativeTarget "clipApp" */;
			buildPhases = (
				262A6934260566B800B8E025 /* Sources */,
				262A6935260566B800B8E025 /* Frameworks */,
				262A6936260566B800B8E025 /* Resources */,
			);
			buildRules = (
			);
			dependencies = (
			);
			name = clipApp;
			productName = clipApp;
			productReference = 262A6938260566B800B8E025 /* clipApp.app */;
			productType = "com.apple.product-type.application";
		};
		262A6950260566B900B8E025 /* clipAppTests */ = {
			isa = PBXNativeTarget;
			buildConfigurationList = 262A6968260566B900B8E025 /* Build configuration list for PBXNativeTarget "clipAppTests" */;
			buildPhases = (
				262A694D260566B900B8E025 /* Sources */,
				262A694E260566B900B8E025 /* Frameworks */,
				262A694F260566B900B8E025 /* Resources */,
			);
			buildRules = (
			);
			dependencies = (
				262A6953260566B900B8E025 /* PBXTargetDependency */,
			);
			name = clipAppTests;
			productName = clipAppTests;
			productReference = 262A6951260566B900B8E025 /* clipAppTests.xctest */;
			productType = "com.apple.product-type.bundle.unit-test";
		};
		262A695B260566B900B8E025 /* clipAppUITests */ = {
			isa = PBXNativeTarget;
			buildConfigurationList = 262A696B260566B900B8E025 /* Build configuration list for PBXNativeTarget "clipAppUITests" */;
			buildPhases = (
				262A6958260566B900B8E025 /* Sources */,
				262A6959260566B900B8E025 /* Frameworks */,
				262A695A260566B900B8E025 /* Resources */,
			);
			buildRules = (
			);
			dependencies = (
				262A695E260566B900B8E025 /* PBXTargetDependency */,
			);
			name = clipAppUITests;
			productName = clipAppUITests;
			productReference = 262A695C260566B900B8E025 /* clipAppUITests.xctest */;
			productType = "com.apple.product-type.bundle.ui-testing";
		};
/* End PBXNativeTarget section */

/* Begin PBXProject section */
		262A6930260566B800B8E025 /* Project object */ = {
			isa = PBXProject;
			attributes = {
				LastSwiftUpdateCheck = 1240;
				LastUpgradeCheck = 1240;
				TargetAttributes = {
					262A6937260566B800B8E025 = {
						CreatedOnToolsVersion = 12.4;
					};
					262A6950260566B900B8E025 = {
						CreatedOnToolsVersion = 12.4;
						TestTargetID = 262A6937260566B800B8E025;
					};
					262A695B260566B900B8E025 = {
						CreatedOnToolsVersion = 12.4;
						TestTargetID = 262A6937260566B800B8E025;
					};
				};
			};
			buildConfigurationList = 262A6933260566B800B8E025 /* Build configuration list for PBXProject "clipApp" */;
			compatibilityVersion = "Xcode 9.3";
			developmentRegion = en;
			hasScannedForEncodings = 0;
			knownRegions = (
				en,
				Base,
			);
			mainGroup = 262A692F260566B800B8E025;
			productRefGroup = 262A6939260566B800B8E025 /* Products */;
			projectDirPath = "";
			projectRoot = "";
			targets = (
				262A6937260566B800B8E025 /* clipApp */,
				262A6950260566B900B8E025 /* clipAppTests */,
				262A695B260566B900B8E025 /* clipAppUITests */,
			);
		};
/* End PBXProject section */

/* Begin PBXResourcesBuildPhase section */
		262A6936260566B800B8E025 /* Resources */ = {
			isa = PBXResourcesBuildPhase;
			buildActionMask = 2147483647;
			files = (
				262A694B260566B900B8E025 /* LaunchScreen.storyboard in Resources */,
				262A6948260566B900B8E025 /* Assets.xcassets in Resources */,
				262A6943260566B800B8E025 /* Main.storyboard in Resources */,
			);
			runOnlyForDeploymentPostprocessing = 0;
		};
		262A694F260566B900B8E025 /* Resources */ = {
			isa = PBXResourcesBuildPhase;
			buildActionMask = 2147483647;
			files = (
			);
			runOnlyForDeploymentPostprocessing = 0;
		};
		262A695A260566B900B8E025 /* Resources */ = {
			isa = PBXResourcesBuildPhase;
			buildActionMask = 2147483647;
			files = (
			);
			runOnlyForDeploymentPostprocessing = 0;
		};
/* End PBXResourcesBuildPhase section */

/* Begin PBXSourcesBuildPhase section */
		262A6934260566B800B8E025 /* Sources */ = {
			isa = PBXSourcesBuildPhase;
			buildActionMask = 2147483647;
			files = (
				262A6940260566B800B8E025 /* ViewController.swift in Sources */,
				262A6946260566B800B8E025 /* clipApp.xcdatamodeld in Sources */,
				262A693C260566B800B8E025 /* AppDelegate.swift in Sources */,
				262A693E260566B800B8E025 /* SceneDelegate.swift in Sources */,
			);
			runOnlyForDeploymentPostprocessing = 0;
		};
		262A694D260566B900B8E025 /* Sources */ = {
			isa = PBXSourcesBuildPhase;
			buildActionMask = 2147483647;
			files = (
				262A6956260566B900B8E025 /* clipAppTests.swift in Sources */,
			);
			runOnlyForDeploymentPostprocessing = 0;
		};
		262A6958260566B900B8E025 /* Sources */ = {
			isa = PBXSourcesBuildPhase;
			buildActionMask = 2147483647;
			files = (
				262A6961260566B900B8E025 /* clipAppUITests.swift in Sources */,
			);
			runOnlyForDeploymentPostprocessing = 0;
		};
/* End PBXSourcesBuildPhase section */

/* Begin PBXTargetDependency section */
		262A6953260566B900B8E025 /* PBXTargetDependency */ = {
			isa = PBXTargetDependency;
			target = 262A6937260566B800B8E025 /* clipApp */;
			targetProxy = 262A6952260566B900B8E025 /* PBXContainerItemProxy */;
		};
		262A695E260566B900B8E025 /* PBXTargetDependency */ = {
			isa = PBXTargetDependency;
			target = 262A6937260566B800B8E025 /* clipApp */;
			targetProxy = 262A695D260566B900B8E025 /* PBXContainerItemProxy */;
		};
/* End PBXTargetDependency section */

/* Begin PBXVariantGroup section */
		262A6941260566B800B8E025 /* Main.storyboard */ = {
			isa = PBXVariantGroup;
			children = (
				262A6942260566B800B8E025 /* Base */,
			);
			name = Main.storyboard;
			sourceTree = "<group>";
		};
		262A6949260566B900B8E025 /* LaunchScreen.storyboard */ = {
			isa = PBXVariantGroup;
			children = (
				262A694A260566B900B8E025 /* Base */,
			);
			name = LaunchScreen.storyboard;
			sourceTree = "<group>";
		};
/* End PBXVariantGroup section */

/* Begin XCBuildConfiguration section */
		262A6963260566B900B8E025 /* Debug */ = {
			isa = XCBuildConfiguration;
			buildSettings = {
				ALWAYS_SEARCH_USER_PATHS = NO;
				CLANG_ANALYZER_NONNULL = YES;
				CLANG_ANALYZER_NUMBER_OBJECT_CONVERSION = YES_AGGRESSIVE;
				CLANG_CXX_LANGUAGE_STANDARD = "gnu++14";
				CLANG_CXX_LIBRARY = "libc++";
				CLANG_ENABLE_MODULES = YES;
				CLANG_ENABLE_OBJC_ARC = YES;
				CLANG_ENABLE_OBJC_WEAK = YES;
				CLANG_WARN_BLOCK_CAPTURE_AUTORELEASING = YES;
				CLANG_WARN_BOOL_CONVERSION = YES;
				CLANG_WARN_COMMA = YES;
				CLANG_WARN_CONSTANT_CONVERSION = YES;
				CLANG_WARN_DEPRECATED_OBJC_IMPLEMENTATIONS = YES;
				CLANG_WARN_DIRECT_OBJC_ISA_USAGE = YES_ERROR;
				CLANG_WARN_DOCUMENTATION_COMMENTS = YES;
				CLANG_WARN_EMPTY_BODY = YES;
				CLANG_WARN_ENUM_CONVERSION = YES;
				CLANG_WARN_INFINITE_RECURSION = YES;
				CLANG_WARN_INT_CONVERSION = YES;
				CLANG_WARN_NON_LITERAL_NULL_CONVERSION = YES;
				CLANG_WARN_OBJC_IMPLICIT_RETAIN_SELF = YES;
				CLANG_WARN_OBJC_LITERAL_CONVERSION = YES;
				CLANG_WARN_OBJC_ROOT_CLASS = YES_ERROR;
				CLANG_WARN_QUOTED_INCLUDE_IN_FRAMEWORK_HEADER = YES;
				CLANG_WARN_RANGE_LOOP_ANALYSIS = YES;
				CLANG_WARN_STRICT_PROTOTYPES = YES;
				CLANG_WARN_SUSPICIOUS_MOVE = YES;
				CLANG_WARN_UNGUARDED_AVAILABILITY = YES_AGGRESSIVE;
				CLANG_WARN_UNREACHABLE_CODE = YES;
				CLANG_WARN__DUPLICATE_METHOD_MATCH = YES;
				COPY_PHASE_STRIP = NO;
				DEBUG_INFORMATION_FORMAT = dwarf;
				ENABLE_STRICT_OBJC_MSGSEND = YES;
				ENABLE_TESTABILITY = YES;
				GCC_C_LANGUAGE_STANDARD = gnu11;
				GCC_DYNAMIC_NO_PIC = NO;
				GCC_NO_COMMON_BLOCKS = YES;
				GCC_OPTIMIZATION_LEVEL = 0;
				GCC_PREPROCESSOR_DEFINITIONS = (
					"DEBUG=1",
					"$(inherited)",
				);
				GCC_WARN_64_TO_32_BIT_CONVERSION = YES;
				GCC_WARN_ABOUT_RETURN_TYPE = YES_ERROR;
				GCC_WARN_UNDECLARED_SELECTOR = YES;
				GCC_WARN_UNINITIALIZED_AUTOS = YES_AGGRESSIVE;
				GCC_WARN_UNUSED_FUNCTION = YES;
				GCC_WARN_UNUSED_VARIABLE = YES;
				IPHONEOS_DEPLOYMENT_TARGET = 14.4;
				MTL_ENABLE_DEBUG_INFO = INCLUDE_SOURCE;
				MTL_FAST_MATH = YES;
				ONLY_ACTIVE_ARCH = YES;
				SDKROOT = iphoneos;
				SWIFT_ACTIVE_COMPILATION_CONDITIONS = DEBUG;
				SWIFT_OPTIMIZATION_LEVEL = "-Onone";
			};
			name = Debug;
		};
		262A6964260566B900B8E025 /* Release */ = {
			isa = XCBuildConfiguration;
			buildSettings = {
				ALWAYS_SEARCH_USER_PATHS = NO;
				CLANG_ANALYZER_NONNULL = YES;
				CLANG_ANALYZER_NUMBER_OBJECT_CONVERSION = YES_AGGRESSIVE;
				CLANG_CXX_LANGUAGE_STANDARD = "gnu++14";
				CLANG_CXX_LIBRARY = "libc++";
				CLANG_ENABLE_MODULES = YES;
				CLANG_ENABLE_OBJC_ARC = YES;
				CLANG_ENABLE_OBJC_WEAK = YES;
				CLANG_WARN_BLOCK_CAPTURE_AUTORELEASING = YES;
				CLANG_WARN_BOOL_CONVERSION = YES;
				CLANG_WARN_COMMA = YES;
				CLANG_WARN_CONSTANT_CONVERSION = YES;
				CLANG_WARN_DEPRECATED_OBJC_IMPLEMENTATIONS = YES;
				CLANG_WARN_DIRECT_OBJC_ISA_USAGE = YES_ERROR;
				CLANG_WARN_DOCUMENTATION_COMMENTS = YES;
				CLANG_WARN_EMPTY_BODY = YES;
				CLANG_WARN_ENUM_CONVERSION = YES;
				CLANG_WARN_INFINITE_RECURSION = YES;
				CLANG_WARN_INT_CONVERSION = YES;
				CLANG_WARN_NON_LITERAL_NULL_CONVERSION = YES;
				CLANG_WARN_OBJC_IMPLICIT_RETAIN_SELF = YES;
				CLANG_WARN_OBJC_LITERAL_CONVERSION = YES;
				CLANG_WARN_OBJC_ROOT_CLASS = YES_ERROR;
				CLANG_WARN_QUOTED_INCLUDE_IN_FRAMEWORK_HEADER = YES;
				CLANG_WARN_RANGE_LOOP_ANALYSIS = YES;
				CLANG_WARN_STRICT_PROTOTYPES = YES;
				CLANG_WARN_SUSPICIOUS_MOVE = YES;
				CLANG_WARN_UNGUARDED_AVAILABILITY = YES_AGGRESSIVE;
				CLANG_WARN_UNREACHABLE_CODE = YES;
				CLANG_WARN__DUPLICATE_METHOD_MATCH = YES;
				COPY_PHASE_STRIP = NO;
				DEBUG_INFORMATION_FORMAT = "dwarf-with-dsym";
				ENABLE_NS_ASSERTIONS = NO;
				ENABLE_STRICT_OBJC_MSGSEND = YES;
				GCC_C_LANGUAGE_STANDARD = gnu11;
				GCC_NO_COMMON_BLOCKS = YES;
				GCC_WARN_64_TO_32_BIT_CONVERSION = YES;
				GCC_WARN_ABOUT_RETURN_TYPE = YES_ERROR;
				GCC_WARN_UNDECLARED_SELECTOR = YES;
				GCC_WARN_UNINITIALIZED_AUTOS = YES_AGGRESSIVE;
				GCC_WARN_UNUSED_FUNCTION = YES;
				GCC_WARN_UNUSED_VARIABLE = YES;
				IPHONEOS_DEPLOYMENT_TARGET = 14.4;
				MTL_ENABLE_DEBUG_INFO = NO;
				MTL_FAST_MATH = YES;
				SDKROOT = iphoneos;
				SWIFT_COMPILATION_MODE = wholemodule;
				SWIFT_OPTIMIZATION_LEVEL = "-O";
				VALIDATE_PRODUCT = YES;
			};
			name = Release;
		};
		262A6966260566B900B8E025 /* Debug */ = {
			isa = XCBuildConfiguration;
			buildSettings = {
				ASSETCATALOG_COMPILER_APPICON_NAME = AppIcon;
				ASSETCATALOG_COMPILER_GLOBAL_ACCENT_COLOR_NAME = AccentColor;
				CODE_SIGN_STYLE = Automatic;
				DEVELOPMENT_TEAM = 63PCR2P9LY;
				INFOPLIST_FILE = clipApp/Info.plist;
				LD_RUNPATH_SEARCH_PATHS = (
					"$(inherited)",
					"@executable_path/Frameworks",
				);
				PRODUCT_BUNDLE_IDENTIFIER = com.queuez.clipApp;
				PRODUCT_NAME = "$(TARGET_NAME)";
				SWIFT_VERSION = 5.0;
				TARGETED_DEVICE_FAMILY = "1,2";
			};
			name = Debug;
		};
		262A6967260566B900B8E025 /* Release */ = {
			isa = XCBuildConfiguration;
			buildSettings = {
				ASSETCATALOG_COMPILER_APPICON_NAME = AppIcon;
				ASSETCATALOG_COMPILER_GLOBAL_ACCENT_COLOR_NAME = AccentColor;
				CODE_SIGN_STYLE = Automatic;
				DEVELOPMENT_TEAM = 63PCR2P9LY;
				INFOPLIST_FILE = clipApp/Info.plist;
				LD_RUNPATH_SEARCH_PATHS = (
					"$(inherited)",
					"@executable_path/Frameworks",
				);
				PRODUCT_BUNDLE_IDENTIFIER = com.queuez.clipApp;
				PRODUCT_NAME = "$(TARGET_NAME)";
				SWIFT_VERSION = 5.0;
				TARGETED_DEVICE_FAMILY = "1,2";
			};
			name = Release;
		};
		262A6969260566B900B8E025 /* Debug */ = {
			isa = XCBuildConfiguration;
			buildSettings = {
				ALWAYS_EMBED_SWIFT_STANDARD_LIBRARIES = YES;
				BUNDLE_LOADER = "$(TEST_HOST)";
				CODE_SIGN_STYLE = Automatic;
				DEVELOPMENT_TEAM = 63PCR2P9LY;
				INFOPLIST_FILE = clipAppTests/Info.plist;
				IPHONEOS_DEPLOYMENT_TARGET = 14.4;
				LD_RUNPATH_SEARCH_PATHS = (
					"$(inherited)",
					"@executable_path/Frameworks",
					"@loader_path/Frameworks",
				);
				PRODUCT_BUNDLE_IDENTIFIER = com.queuez.clipAppTests;
				PRODUCT_NAME = "$(TARGET_NAME)";
				SWIFT_VERSION = 5.0;
				TARGETED_DEVICE_FAMILY = "1,2";
				TEST_HOST = "$(BUILT_PRODUCTS_DIR)/clipApp.app/clipApp";
			};
			name = Debug;
		};
		262A696A260566B900B8E025 /* Release */ = {
			isa = XCBuildConfiguration;
			buildSettings = {
				ALWAYS_EMBED_SWIFT_STANDARD_LIBRARIES = YES;
				BUNDLE_LOADER = "$(TEST_HOST)";
				CODE_SIGN_STYLE = Automatic;
				DEVELOPMENT_TEAM = 63PCR2P9LY;
				INFOPLIST_FILE = clipAppTests/Info.plist;
				IPHONEOS_DEPLOYMENT_TARGET = 14.4;
				LD_RUNPATH_SEARCH_PATHS = (
					"$(inherited)",
					"@executable_path/Frameworks",
					"@loader_path/Frameworks",
				);
				PRODUCT_BUNDLE_IDENTIFIER = com.queuez.clipAppTests;
				PRODUCT_NAME = "$(TARGET_NAME)";
				SWIFT_VERSION = 5.0;
				TARGETED_DEVICE_FAMILY = "1,2";
				TEST_HOST = "$(BUILT_PRODUCTS_DIR)/clipApp.app/clipApp";
			};
			name = Release;
		};
		262A696C260566B900B8E025 /* Debug */ = {
			isa = XCBuildConfiguration;
			buildSettings = {
				ALWAYS_EMBED_SWIFT_STANDARD_LIBRARIES = YES;
				CODE_SIGN_STYLE = Automatic;
				DEVELOPMENT_TEAM = 63PCR2P9LY;
				INFOPLIST_FILE = clipAppUITests/Info.plist;
				LD_RUNPATH_SEARCH_PATHS = (
					"$(inherited)",
					"@executable_path/Frameworks",
					"@loader_path/Frameworks",
				);
				PRODUCT_BUNDLE_IDENTIFIER = com.queuez.clipAppUITests;
				PRODUCT_NAME = "$(TARGET_NAME)";
				SWIFT_VERSION = 5.0;
				TARGETED_DEVICE_FAMILY = "1,2";
				TEST_TARGET_NAME = clipApp;
			};
			name = Debug;
		};
		262A696D260566B900B8E025 /* Release */ = {
			isa = XCBuildConfiguration;
			buildSettings = {
				ALWAYS_EMBED_SWIFT_STANDARD_LIBRARIES = YES;
				CODE_SIGN_STYLE = Automatic;
				DEVELOPMENT_TEAM = 63PCR2P9LY;
				INFOPLIST_FILE = clipAppUITests/Info.plist;
				LD_RUNPATH_SEARCH_PATHS = (
					"$(inherited)",
					"@executable_path/Frameworks",
					"@loader_path/Frameworks",
				);
				PRODUCT_BUNDLE_IDENTIFIER = com.queuez.clipAppUITests;
				PRODUCT_NAME = "$(TARGET_NAME)";
				SWIFT_VERSION = 5.0;
				TARGETED_DEVICE_FAMILY = "1,2";
				TEST_TARGET_NAME = clipApp;
			};
			name = Release;
		};
/* End XCBuildConfiguration section */

/* Begin XCConfigurationList section */
		262A6933260566B800B8E025 /* Build configuration list for PBXProject "clipApp" */ = {
			isa = XCConfigurationList;
			buildConfigurations = (
				262A6963260566B900B8E025 /* Debug */,
				262A6964260566B900B8E025 /* Release */,
			);
			defaultConfigurationIsVisible = 0;
			defaultConfigurationName = Release;
		};
		262A6965260566B900B8E025 /* Build configuration list for PBXNativeTarget "clipApp" */ = {
			isa = XCConfigurationList;
			buildConfigurations = (
				262A6966260566B900B8E025 /* Debug */,
				262A6967260566B900B8E025 /* Release */,
			);
			defaultConfigurationIsVisible = 0;
			defaultConfigurationName = Release;
		};
		262A6968260566B900B8E025 /* Build configuration list for PBXNativeTarget "clipAppTests" */ = {
			isa = XCConfigurationList;
			buildConfigurations = (
				262A6969260566B900B8E025 /* Debug */,
				262A696A260566B900B8E025 /* Release */,
			);
			defaultConfigurationIsVisible = 0;
			defaultConfigurationName = Release;
		};
		262A696B260566B900B8E025 /* Build configuration list for PBXNativeTarget "clipAppUITests" */ = {
			isa = XCConfigurationList;
			buildConfigurations = (
				262A696C260566B900B8E025 /* Debug */,
				262A696D260566B900B8E025 /* Release */,
			);
			defaultConfigurationIsVisible = 0;
			defaultConfigurationName = Release;
		};
/* End XCConfigurationList section */

/* Begin XCVersionGroup section */
		262A6944260566B800B8E025 /* clipApp.xcdatamodeld */ = {
			isa = XCVersionGroup;
			children = (
				262A6945260566B800B8E025 /* clipApp.xcdatamodel */,
			);
			currentVersion = 262A6945260566B800B8E025 /* clipApp.xcdatamodel */;
			path = clipApp.xcdatamodeld;
			sourceTree = "<group>";
			versionGroupType = wrapper.xcdatamodel;
		};
/* End XCVersionGroup section */
	};
	rootObject = 262A6930260566B800B8E025 /* Project object */;
}
